Microsoft Visual Studio Solution File, Format Version 12.00
# Visual Studio Version 17
VisualStudioVersion = 17.5.2.0
MinimumVisualStudioVersion = 10.0.40219.1
Project("{FAE04EC0-301F-11D3-BF4B-00C04F79EFBC}") = "LibraryInterfaces", "LibraryInterfaces.csproj", "{80F6033A-A8D1-7CC9-3228-5A3C4299827A}"
EndProject
Global
	GlobalSection(SolutionConfigurationPlatforms) = preSolution
		Debug|Any CPU = Debug|Any CPU
		Release|Any CPU = Release|Any CPU
	EndGlobalSection
	GlobalSection(ProjectConfigurationPlatforms) = postSolution
		{80F6033A-A8D1-7CC9-3228-5A3C4299827A}.Debug|Any CPU.ActiveCfg = Debug|Any CPU
		{80F6033A-A8D1-7CC9-3228-5A3C4299827A}.Debug|Any CPU.Build.0 = Debug|Any CPU
		{80F6033A-A8D1-7CC9-3228-5A3C4299827A}.Release|Any CPU.ActiveCfg = Release|Any CPU
		{80F6033A-A8D1-7CC9-3228-5A3C4299827A}.Release|Any CPU.Build.0 = Release|Any CPU
	EndGlobalSection
	GlobalSection(SolutionProperties) = preSolution
		HideSolutionNode = FALSE
	EndGlobalSection
	GlobalSection(ExtensibilityGlobals) = postSolution
		SolutionGuid = {14F36551-1EA9-4C66-9715-8E96FEBD9653}
	EndGlobalSection
EndGlobal
